
Microsoft Visual Studio Solution File, Format Version 12.00
# Visual Studio Version 16
VisualStudioVersion = 16.0.30204.135
MinimumVisualStudioVersion = 10.0.40219.1
Project("{FAE04EC0-301F-11D3-BF4B-00C04F79EFBC}") = "SharePointAddIn", "SharePointAddIn\SharePointAddIn.csproj", "{30CD8B5C-CECB-416E-91DC-1AB7B89B360E}"
EndProject
Global
	GlobalSection(SolutionConfigurationPlatforms) = preSolution
		Debug|Any CPU = Debug|Any CPU
		Release|Any CPU = Release|Any CPU
	EndGlobalSection
	GlobalSection(ProjectConfigurationPlatforms) = postSolution
		{30CD8B5C-CECB-416E-91DC-1AB7B89B360E}.Debug|Any CPU.ActiveCfg = Debug|Any CPU
		{30CD8B5C-CECB-416E-91DC-1AB7B89B360E}.Debug|Any CPU.Build.0 = Debug|Any CPU
		{30CD8B5C-CECB-416E-91DC-1AB7B89B360E}.Debug|Any CPU.Deploy.0 = Debug|Any CPU
		{30CD8B5C-CECB-416E-91DC-1AB7B89B360E}.Release|Any CPU.ActiveCfg = Release|Any CPU
		{30CD8B5C-CECB-416E-91DC-1AB7B89B360E}.Release|Any CPU.Build.0 = Release|Any CPU
		{30CD8B5C-CECB-416E-91DC-1AB7B89B360E}.Release|Any CPU.Deploy.0 = Release|Any CPU
	EndGlobalSection
	GlobalSection(SolutionProperties) = preSolution
		HideSolutionNode = FALSE
	EndGlobalSection
	GlobalSection(ExtensibilityGlobals) = postSolution
		SolutionGuid = {88CD7F3D-9EB0-4CAC-96E0-56402A266F42}
	EndGlobalSection
EndGlobal
